
Microsoft Visual Studio Solution File, Format Version 12.00
# Visual Studio Version 16
VisualStudioVersion = 16.0.32428.217
MinimumVisualStudioVersion = 10.0.40219.1
Project("{9A19103F-16F7-4668-BE54-9A1E7A4F7556}") = "NEXTURN.MVC", "NEXTURN.MVC\NEXTURN.MVC.csproj", "{313D0D2E-6D8F-422D-A9F8-2D459F511571}"
EndProject
Project("{9A19103F-16F7-4668-BE54-9A1E7A4F7556}") = "NEXTURN.BUSINESS", "NEXTURN.BUSINESS\NEXTURN.BUSINESS.csproj", "{3CE3D845-87D4-4A85-80BA-C926F519F62A}"
EndProject
Project("{9A19103F-16F7-4668-BE54-9A1E7A4F7556}") = "NEXTURN.REPOSITORY", "NEXTURN.REPOSITORY\NEXTURN.REPOSITORY.csproj", "{E601932A-BB0B-4A74-B5B7-6B947672B3BE}"
EndProject
Project("{9A19103F-16F7-4668-BE54-9A1E7A4F7556}") = "NEXTURN.MODELS", "NEXTURN.MODELS\NEXTURN.MODELS.csproj", "{0C061C1F-B279-4309-BB0E-F26C3DF1DA70}"
EndProject
Project("{9A19103F-16F7-4668-BE54-9A1E7A4F7556}") = "NEXTURN.UTILITIES", "NEXTURN.UTILITIES\NEXTURN.UTILITIES.csproj", "{CB0D20EB-E503-4977-8701-A049FD62D606}"
EndProject
Project("{FAE04EC0-301F-11D3-BF4B-00C04F79EFBC}") = "NEXTURN.WEBAPI", "NEXTURN.WEBAPI\NEXTURN.WEBAPI.csproj", "{1975B613-5AC7-4F82-90E8-E4B86284DC39}"
EndProject
Global
	GlobalSection(SolutionConfigurationPlatforms) = preSolution
		Debug|Any CPU = Debug|Any CPU
		Release|Any CPU = Release|Any CPU
	EndGlobalSection
	GlobalSection(ProjectConfigurationPlatforms) = postSolution
		{313D0D2E-6D8F-422D-A9F8-2D459F511571}.Debug|Any CPU.ActiveCfg = Debug|Any CPU
		{313D0D2E-6D8F-422D-A9F8-2D459F511571}.Debug|Any CPU.Build.0 = Debug|Any CPU
		{313D0D2E-6D8F-422D-A9F8-2D459F511571}.Release|Any CPU.ActiveCfg = Release|Any CPU
		{313D0D2E-6D8F-422D-A9F8-2D459F511571}.Release|Any CPU.Build.0 = Release|Any CPU
		{3CE3D845-87D4-4A85-80BA-C926F519F62A}.Debug|Any CPU.ActiveCfg = Debug|Any CPU
		{3CE3D845-87D4-4A85-80BA-C926F519F62A}.Debug|Any CPU.Build.0 = Debug|Any CPU
		{3CE3D845-87D4-4A85-80BA-C926F519F62A}.Release|Any CPU.ActiveCfg = Release|Any CPU
		{3CE3D845-87D4-4A85-80BA-C926F519F62A}.Release|Any CPU.Build.0 = Release|Any CPU
		{E601932A-BB0B-4A74-B5B7-6B947672B3BE}.Debug|Any CPU.ActiveCfg = Debug|Any CPU
		{E601932A-BB0B-4A74-B5B7-6B947672B3BE}.Debug|Any CPU.Build.0 = Debug|Any CPU
		{E601932A-BB0B-4A74-B5B7-6B947672B3BE}.Release|Any CPU.ActiveCfg = Release|Any CPU
		{E601932A-BB0B-4A74-B5B7-6B947672B3BE}.Release|Any CPU.Build.0 = Release|Any CPU
		{0C061C1F-B279-4309-BB0E-F26C3DF1DA70}.Debug|Any CPU.ActiveCfg = Debug|Any CPU
		{0C061C1F-B279-4309-BB0E-F26C3DF1DA70}.Debug|Any CPU.Build.0 = Debug|Any CPU
		{0C061C1F-B279-4309-BB0E-F26C3DF1DA70}.Release|Any CPU.ActiveCfg = Release|Any CPU
		{0C061C1F-B279-4309-BB0E-F26C3DF1DA70}.Release|Any CPU.Build.0 = Release|Any CPU
		{CB0D20EB-E503-4977-8701-A049FD62D606}.Debug|Any CPU.ActiveCfg = Debug|Any CPU
		{CB0D20EB-E503-4977-8701-A049FD62D606}.Debug|Any CPU.Build.0 = Debug|Any CPU
		{CB0D20EB-E503-4977-8701-A049FD62D606}.Release|Any CPU.ActiveCfg = Release|Any CPU
		{CB0D20EB-E503-4977-8701-A049FD62D606}.Release|Any CPU.Build.0 = Release|Any CPU
		{1975B613-5AC7-4F82-90E8-E4B86284DC39}.Debug|Any CPU.ActiveCfg = Debug|Any CPU
		{1975B613-5AC7-4F82-90E8-E4B86284DC39}.Debug|Any CPU.Build.0 = Debug|Any CPU
		{1975B613-5AC7-4F82-90E8-E4B86284DC39}.Release|Any CPU.ActiveCfg = Release|Any CPU
		{1975B613-5AC7-4F82-90E8-E4B86284DC39}.Release|Any CPU.Build.0 = Release|Any CPU
	EndGlobalSection
	GlobalSection(SolutionProperties) = preSolution
		HideSolutionNode = FALSE
	EndGlobalSection
	GlobalSection(ExtensibilityGlobals) = postSolution
		SolutionGuid = {0250CFD3-4E7E-4DB4-B179-DF85266537AE}
	EndGlobalSection
EndGlobal
